
Microsoft Visual Studio Solution File, Format Version 12.00
# Visual Studio 2013
VisualStudioVersion = 12.0.21005.1
MinimumVisualStudioVersion = 10.0.40219.1
Project("{FAE04EC0-301F-11D3-BF4B-00C04F79EFBC}") = "DynamicTreeDemo", "DynamicTreeDemo\DynamicTreeDemo.csproj", "{AD7E4AB7-DFC8-4041-B316-B63C31F89590}"
EndProject
Project("{FAE04EC0-301F-11D3-BF4B-00C04F79EFBC}") = "BusinessLayer", "BusinessLayer\BusinessLayer.csproj", "{9C51F706-4485-4324-B589-68CFDA9B8FF9}"
EndProject
Global
	GlobalSection(SolutionConfigurationPlatforms) = preSolution
		Debug|Any CPU = Debug|Any CPU
		Release|Any CPU = Release|Any CPU
	EndGlobalSection
	GlobalSection(ProjectConfigurationPlatforms) = postSolution
		{AD7E4AB7-DFC8-4041-B316-B63C31F89590}.Debug|Any CPU.ActiveCfg = Debug|Any CPU
		{AD7E4AB7-DFC8-4041-B316-B63C31F89590}.Debug|Any CPU.Build.0 = Debug|Any CPU
		{AD7E4AB7-DFC8-4041-B316-B63C31F89590}.Release|Any CPU.ActiveCfg = Release|Any CPU
		{AD7E4AB7-DFC8-4041-B316-B63C31F89590}.Release|Any CPU.Build.0 = Release|Any CPU
		{9C51F706-4485-4324-B589-68CFDA9B8FF9}.Debug|Any CPU.ActiveCfg = Debug|Any CPU
		{9C51F706-4485-4324-B589-68CFDA9B8FF9}.Debug|Any CPU.Build.0 = Debug|Any CPU
		{9C51F706-4485-4324-B589-68CFDA9B8FF9}.Release|Any CPU.ActiveCfg = Release|Any CPU
		{9C51F706-4485-4324-B589-68CFDA9B8FF9}.Release|Any CPU.Build.0 = Release|Any CPU
	EndGlobalSection
	GlobalSection(SolutionProperties) = preSolution
		HideSolutionNode = FALSE
	EndGlobalSection
EndGlobal
